
Microsoft Visual Studio Solution File, Format Version 12.00
# Visual Studio Version 17
VisualStudioVersion = 17.3.32825.248
MinimumVisualStudioVersion = 10.0.40219.1
Project("{FAE04EC0-301F-11D3-BF4B-00C04F79EFBC}") = "CompendioPersona5", "CompendioPersona5\CompendioPersona5.csproj", "{D87A5B46-D6F5-4551-AA83-5E32A5F4D6EE}"
EndProject
Project("{FAE04EC0-301F-11D3-BF4B-00C04F79EFBC}") = "dominio", "dominio\dominio.csproj", "{A1ABA5E4-22EC-4A45-A24E-FC7EBE350168}"
EndProject
Project("{FAE04EC0-301F-11D3-BF4B-00C04F79EFBC}") = "negocio", "negocio\negocio.csproj", "{72D1E430-F367-4CFC-9843-A9C5825107AA}"
EndProject
Global
	GlobalSection(SolutionConfigurationPlatforms) = preSolution
		Debug|Any CPU = Debug|Any CPU
		Release|Any CPU = Release|Any CPU
	EndGlobalSection
	GlobalSection(ProjectConfigurationPlatforms) = postSolution
		{D87A5B46-D6F5-4551-AA83-5E32A5F4D6EE}.Debug|Any CPU.ActiveCfg = Debug|Any CPU
		{D87A5B46-D6F5-4551-AA83-5E32A5F4D6EE}.Debug|Any CPU.Build.0 = Debug|Any CPU
		{D87A5B46-D6F5-4551-AA83-5E32A5F4D6EE}.Release|Any CPU.ActiveCfg = Release|Any CPU
		{D87A5B46-D6F5-4551-AA83-5E32A5F4D6EE}.Release|Any CPU.Build.0 = Release|Any CPU
		{A1ABA5E4-22EC-4A45-A24E-FC7EBE350168}.Debug|Any CPU.ActiveCfg = Debug|Any CPU
		{A1ABA5E4-22EC-4A45-A24E-FC7EBE350168}.Debug|Any CPU.Build.0 = Debug|Any CPU
		{A1ABA5E4-22EC-4A45-A24E-FC7EBE350168}.Release|Any CPU.ActiveCfg = Release|Any CPU
		{A1ABA5E4-22EC-4A45-A24E-FC7EBE350168}.Release|Any CPU.Build.0 = Release|Any CPU
		{72D1E430-F367-4CFC-9843-A9C5825107AA}.Debug|Any CPU.ActiveCfg = Debug|Any CPU
		{72D1E430-F367-4CFC-9843-A9C5825107AA}.Debug|Any CPU.Build.0 = Debug|Any CPU
		{72D1E430-F367-4CFC-9843-A9C5825107AA}.Release|Any CPU.ActiveCfg = Release|Any CPU
		{72D1E430-F367-4CFC-9843-A9C5825107AA}.Release|Any CPU.Build.0 = Release|Any CPU
	EndGlobalSection
	GlobalSection(SolutionProperties) = preSolution
		HideSolutionNode = FALSE
	EndGlobalSection
	GlobalSection(ExtensibilityGlobals) = postSolution
		SolutionGuid = {3EF95301-9910-4782-842E-FF53545D3AF0}
	EndGlobalSection
EndGlobal
